
Microsoft Visual Studio Solution File, Format Version 12.00
# Visual Studio Version 17
VisualStudioVersion = 17.11.35327.3
MinimumVisualStudioVersion = 10.0.40219.1
Project("{FAE04EC0-301F-11D3-BF4B-00C04F79EFBC}") = "Project2_PTQ_2210900059", "Project2_PTQ_2210900059\Project2_PTQ_2210900059.csproj", "{BC674DBD-F113-4EF6-B2AA-7D73536BAC52}"
EndProject
Global
	GlobalSection(SolutionConfigurationPlatforms) = preSolution
		Debug|Any CPU = Debug|Any CPU
		Release|Any CPU = Release|Any CPU
	EndGlobalSection
	GlobalSection(ProjectConfigurationPlatforms) = postSolution
		{BC674DBD-F113-4EF6-B2AA-7D73536BAC52}.Debug|Any CPU.ActiveCfg = Debug|Any CPU
		{BC674DBD-F113-4EF6-B2AA-7D73536BAC52}.Debug|Any CPU.Build.0 = Debug|Any CPU
		{BC674DBD-F113-4EF6-B2AA-7D73536BAC52}.Release|Any CPU.ActiveCfg = Release|Any CPU
		{BC674DBD-F113-4EF6-B2AA-7D73536BAC52}.Release|Any CPU.Build.0 = Release|Any CPU
	EndGlobalSection
	GlobalSection(SolutionProperties) = preSolution
		HideSolutionNode = FALSE
	EndGlobalSection
	GlobalSection(ExtensibilityGlobals) = postSolution
		SolutionGuid = {90CE2D7F-0374-4327-A5D9-3C8A583BB7E3}
	EndGlobalSection
EndGlobal
